{
  "name": "bulls-and-cows-game",
  "version": "1.0.0",
  "lockfileVersion": 1,
  "requires": true,
  "dependencies": {
    "dayjs": {
      "version": "1.8.28",
      "resolved": "https://registry.npmjs.org/dayjs/-/dayjs-1.8.28.tgz",
      "integrity": "sha512-ccnYgKC0/hPSGXxj7Ju6AV/BP4HUkXC2u15mikXT5mX9YorEaoi1bEKOmAqdkJHN4EEkmAf97SpH66Try5Mbeg=="
    },
    "readline-sync": {
      "version": "1.4.10",
      "resolved": "https://registry.npmjs.org/readline-sync/-/readline-sync-1.4.10.tgz",
      "integrity": "sha512-gNva8/6UAe8QYepIQH/jQ2qn91Qj0B9sYjMBBs3QOB8F2CXcKgLxQaJRP76sWVRQt+QU+8fAkCbCvjjMFu7Ycw=="
    }
  }
}
